{
  "version": "4",
  "specifiers": {
    "jsr:@std/assert@^1.0.9": "1.0.9",
    "jsr:@std/expect@*": "1.0.9",
    "jsr:@std/internal@^1.0.5": "1.0.5",
    "npm:@ghostery/adblocker@*": "2.3.1",
    "npm:@types/node@*": "22.5.4"
  },
  "jsr": {
    "@std/assert@1.0.9": {
      "integrity": "a9f0c611a869cc791b26f523eec54c7e187aab7932c2c8e8bea0622d13680dcd",
      "dependencies": [
        "jsr:@std/internal"
      ]
    },
    "@std/expect@1.0.9": {
      "integrity": "108bb428f17492ac40439479e1dc55fbaae581530e905a8603f97305842a5a01",
      "dependencies": [
        "jsr:@std/assert",
        "jsr:@std/internal"
      ]
    },
    "@std/internal@1.0.5": {
      "integrity": "54a546004f769c1ac9e025abd15a76b6671ddc9687e2313b67376125650dc7ba"
    }
  },
  "npm": {
    "@ghostery/adblocker-content@2.3.1": {
      "integrity": "sha512-8ZTY1sEE218b0EMk3Q9fv/cWwUxunSCyBOaKuviEmJY5EyvPa1VbGPuTq/Qdvo1kduD8nLEzCwgWhcT3F3TT0Q==",
      "dependencies": [
        "@ghostery/adblocker-extended-selectors"
      ]
    },
    "@ghostery/adblocker-extended-selectors@2.3.1": {
      "integrity": "sha512-hDNiOd/1V4b6NTkNnMkZUUmhMwwo8+5rpSUtQUFzCCCzy+v5izHt4rBr2RGeK5L1pNq0NbFxZJjBHFDbiQiS1A=="
    },
    "@ghostery/adblocker@2.3.1": {
      "integrity": "sha512-6k8ZFHjYII54a32qrKwhnTbrPfR+KPgM6GlyAiEm8OCZoewN1cfBfSw5GVpzaAB2yJ4DzazmP8Wq/UBvEk5mHg==",
      "dependencies": [
        "@ghostery/adblocker-content",
        "@ghostery/adblocker-extended-selectors",
        "@remusao/guess-url-type",
        "@remusao/small",
        "@remusao/smaz",
        "tldts-experimental"
      ]
    },
    "@remusao/guess-url-type@1.3.0": {
      "integrity": "sha512-SNSJGxH5ckvxb3EUHj4DqlAm/bxNxNv2kx/AESZva/9VfcBokwKNS+C4D1lQdWIDM1R3d3UG+xmVzlkNG8CPTQ=="
    },
    "@remusao/small@1.3.0": {
      "integrity": "sha512-bydAhJI+ywmg5xMUcbqoR8KahetcfkFywEZpsyFZ8EBofilvWxbXnMSe4vnjDI1Y+SWxnNhR4AL/2BAXkf4b8A=="
    },
    "@remusao/smaz-compress@1.10.0": {
      "integrity": "sha512-E/lC8OSU+3bQrUl64vlLyPzIxo7dxF2RvNBe9KzcM4ax43J/d+YMinmMztHyCIHqRbz7rBCtkp3c0KfeIbHmEg==",
      "dependencies": [
        "@remusao/trie"
      ]
    },
    "@remusao/smaz-decompress@1.10.0": {
      "integrity": "sha512-aA5ImUH480Pcs5/cOgToKmFnzi7osSNG6ft+7DdmQTaQEEst3nLq3JLlBEk+gwidURymjbx6DYs60LHaZ415VQ=="
    },
    "@remusao/smaz@1.10.0": {
      "integrity": "sha512-GQzCxmmMpLkyZwcwNgz8TpuBEWl0RUQa8IcvKiYlPxuyYKqyqPkCr0hlHI15ckn3kDUPS68VmTVgyPnLNrdVmg==",
      "dependencies": [
        "@remusao/smaz-compress",
        "@remusao/smaz-decompress"
      ]
    },
    "@remusao/trie@1.5.0": {
      "integrity": "sha512-UX+3utJKgwCsg6sUozjxd38gNMVRXrY4TNX9VvCdSrlZBS1nZjRPi98ON3QjRAdf6KCguJFyQARRsulTeqQiPg=="
    },
    "@types/node@22.5.4": {
      "integrity": "sha512-FDuKUJQm/ju9fT/SeX/6+gBzoPzlVCzfzmGkwKvRHQVxi4BntVbyIwf6a4Xn62mrvndLiml6z/UBXIdEVjQLXg==",
      "dependencies": [
        "undici-types"
      ]
    },
    "tldts-core@6.1.67": {
      "integrity": "sha512-12K5O4m3uUW6YM5v45Z7wc6NTSmAYj4Tq3de7eXghZkp879IlfPJrUWeWFwu1FS94U5t2vwETgJ1asu8UGNKVQ=="
    },
    "tldts-experimental@6.1.67": {
      "integrity": "sha512-M5HZFMmtfxXcTQSTHu4Pn51CJdOK4hFw+y9KCj6bRRNaJRffNJIpTqSLixol+P+0v3NkXYxb1Mm90goJksCSrw==",
      "dependencies": [
        "tldts-core"
      ]
    },
    "undici-types@6.19.8": {
      "integrity": "sha512-ve2KP6f/JnbPBFyobGHuerC9g1FYGn/F8n1LWTwNxCEzd6IfqTwUQcNXgEtmmQ6DlRrC1hrSrBnCZPokRrDHjw=="
    }
  }
}
