{
  "version": "4",
  "specifiers": {
    "jsr:@std/assert@^1.0.9": "1.0.9",
    "jsr:@std/expect@*": "1.0.9",
    "jsr:@std/internal@^1.0.5": "1.0.5",
    "jsr:@std/path@*": "1.0.8",
    "jsr:@std/path@^1.0.8": "1.0.8",
    "npm:@ghostery/adblocker@*": "2.3.1",
    "npm:@types/node@*": "22.5.4",
    "npm:octokit@*": "4.0.2_@octokit+core@6.1.2",
    "npm:octokit@^4.0.2": "4.0.2_@octokit+core@6.1.2",
    "npm:tldts@*": "6.1.68",
    "npm:tldts@^6.1.68": "6.1.68"
  },
  "jsr": {
    "@std/assert@1.0.9": {
      "integrity": "a9f0c611a869cc791b26f523eec54c7e187aab7932c2c8e8bea0622d13680dcd",
      "dependencies": [
        "jsr:@std/internal"
      ]
    },
    "@std/expect@1.0.9": {
      "integrity": "108bb428f17492ac40439479e1dc55fbaae581530e905a8603f97305842a5a01",
      "dependencies": [
        "jsr:@std/assert",
        "jsr:@std/internal"
      ]
    },
    "@std/internal@1.0.5": {
      "integrity": "54a546004f769c1ac9e025abd15a76b6671ddc9687e2313b67376125650dc7ba"
    },
    "@std/path@1.0.8": {
      "integrity": "548fa456bb6a04d3c1a1e7477986b6cffbce95102d0bb447c67c4ee70e0364be"
    }
  },
  "npm": {
    "@ghostery/adblocker-content@2.3.1": {
      "integrity": "sha512-8ZTY1sEE218b0EMk3Q9fv/cWwUxunSCyBOaKuviEmJY5EyvPa1VbGPuTq/Qdvo1kduD8nLEzCwgWhcT3F3TT0Q==",
      "dependencies": [
        "@ghostery/adblocker-extended-selectors"
      ]
    },
    "@ghostery/adblocker-extended-selectors@2.3.1": {
      "integrity": "sha512-hDNiOd/1V4b6NTkNnMkZUUmhMwwo8+5rpSUtQUFzCCCzy+v5izHt4rBr2RGeK5L1pNq0NbFxZJjBHFDbiQiS1A=="
    },
    "@ghostery/adblocker@2.3.1": {
      "integrity": "sha512-6k8ZFHjYII54a32qrKwhnTbrPfR+KPgM6GlyAiEm8OCZoewN1cfBfSw5GVpzaAB2yJ4DzazmP8Wq/UBvEk5mHg==",
      "dependencies": [
        "@ghostery/adblocker-content",
        "@ghostery/adblocker-extended-selectors",
        "@remusao/guess-url-type",
        "@remusao/small",
        "@remusao/smaz",
        "tldts-experimental"
      ]
    },
    "@octokit/app@15.1.1_@octokit+core@6.1.2": {
      "integrity": "sha512-fk8xrCSPTJGpyBdBNI+DcZ224dm0aApv4vi6X7/zTmANXlegKV2Td+dJ+fd7APPaPN7R+xttUsj2Fm+AFDSfMQ==",
      "dependencies": [
        "@octokit/auth-app",
        "@octokit/auth-unauthenticated",
        "@octokit/core",
        "@octokit/oauth-app",
        "@octokit/plugin-paginate-rest",
        "@octokit/types",
        "@octokit/webhooks"
      ]
    },
    "@octokit/auth-app@7.1.3": {
      "integrity": "sha512-GZdkOp2kZTIy5dG9oXqvzUAZiPvDx4C/lMlN6yQjtG9d/+hYa7W8WXTJoOrXE8UdfL9A/sZMl206dmtkl9lwVQ==",
      "dependencies": [
        "@octokit/auth-oauth-app",
        "@octokit/auth-oauth-user",
        "@octokit/request",
        "@octokit/request-error",
        "@octokit/types",
        "toad-cache",
        "universal-github-app-jwt",
        "universal-user-agent"
      ]
    },
    "@octokit/auth-oauth-app@8.1.1": {
      "integrity": "sha512-5UtmxXAvU2wfcHIPPDWzVSAWXVJzG3NWsxb7zCFplCWEmMCArSZV0UQu5jw5goLQXbFyOr5onzEH37UJB3zQQg==",
      "dependencies": [
        "@octokit/auth-oauth-device",
        "@octokit/auth-oauth-user",
        "@octokit/request",
        "@octokit/types",
        "universal-user-agent"
      ]
    },
    "@octokit/auth-oauth-device@7.1.1": {
      "integrity": "sha512-HWl8lYueHonuyjrKKIup/1tiy0xcmQCdq5ikvMO1YwkNNkxb6DXfrPjrMYItNLyCP/o2H87WuijuE+SlBTT8eg==",
      "dependencies": [
        "@octokit/oauth-methods",
        "@octokit/request",
        "@octokit/types",
        "universal-user-agent"
      ]
    },
    "@octokit/auth-oauth-user@5.1.1": {
      "integrity": "sha512-rRkMz0ErOppdvEfnemHJXgZ9vTPhBuC6yASeFaB7I2yLMd7QpjfrL1mnvRPlyKo+M6eeLxrKanXJ9Qte29SRsw==",
      "dependencies": [
        "@octokit/auth-oauth-device",
        "@octokit/oauth-methods",
        "@octokit/request",
        "@octokit/types",
        "universal-user-agent"
      ]
    },
    "@octokit/auth-token@5.1.1": {
      "integrity": "sha512-rh3G3wDO8J9wSjfI436JUKzHIxq8NaiL0tVeB2aXmG6p/9859aUOAjA9pmSPNGGZxfwmaJ9ozOJImuNVJdpvbA=="
    },
    "@octokit/auth-unauthenticated@6.1.0": {
      "integrity": "sha512-zPSmfrUAcspZH/lOFQnVnvjQZsIvmfApQH6GzJrkIunDooU1Su2qt2FfMTSVPRp7WLTQyC20Kd55lF+mIYaohQ==",
      "dependencies": [
        "@octokit/request-error",
        "@octokit/types"
      ]
    },
    "@octokit/core@6.1.2": {
      "integrity": "sha512-hEb7Ma4cGJGEUNOAVmyfdB/3WirWMg5hDuNFVejGEDFqupeOysLc2sG6HJxY2etBp5YQu5Wtxwi020jS9xlUwg==",
      "dependencies": [
        "@octokit/auth-token",
        "@octokit/graphql",
        "@octokit/request",
        "@octokit/request-error",
        "@octokit/types",
        "before-after-hook",
        "universal-user-agent"
      ]
    },
    "@octokit/endpoint@10.1.1": {
      "integrity": "sha512-JYjh5rMOwXMJyUpj028cu0Gbp7qe/ihxfJMLc8VZBMMqSwLgOxDI1911gV4Enl1QSavAQNJcwmwBF9M0VvLh6Q==",
      "dependencies": [
        "@octokit/types",
        "universal-user-agent"
      ]
    },
    "@octokit/graphql@8.1.1": {
      "integrity": "sha512-ukiRmuHTi6ebQx/HFRCXKbDlOh/7xEV6QUXaE7MJEKGNAncGI/STSbOkl12qVXZrfZdpXctx5O9X1AIaebiDBg==",
      "dependencies": [
        "@octokit/request",
        "@octokit/types",
        "universal-user-agent"
      ]
    },
    "@octokit/oauth-app@7.1.3": {
      "integrity": "sha512-EHXbOpBkSGVVGF1W+NLMmsnSsJRkcrnVmDKt0TQYRBb6xWfWzoi9sBD4DIqZ8jGhOWO/V8t4fqFyJ4vDQDn9bg==",
      "dependencies": [
        "@octokit/auth-oauth-app",
        "@octokit/auth-oauth-user",
        "@octokit/auth-unauthenticated",
        "@octokit/core",
        "@octokit/oauth-authorization-url",
        "@octokit/oauth-methods",
        "@types/aws-lambda",
        "universal-user-agent"
      ]
    },
    "@octokit/oauth-authorization-url@7.1.1": {
      "integrity": "sha512-ooXV8GBSabSWyhLUowlMIVd9l1s2nsOGQdlP2SQ4LnkEsGXzeCvbSbCPdZThXhEFzleGPwbapT0Sb+YhXRyjCA=="
    },
    "@octokit/oauth-methods@5.1.2": {
      "integrity": "sha512-C5lglRD+sBlbrhCUTxgJAFjWgJlmTx5bQ7Ch0+2uqRjYv7Cfb5xpX4WuSC9UgQna3sqRGBL9EImX9PvTpMaQ7g==",
      "dependencies": [
        "@octokit/oauth-authorization-url",
        "@octokit/request",
        "@octokit/request-error",
        "@octokit/types"
      ]
    },
    "@octokit/openapi-types@22.2.0": {
      "integrity": "sha512-QBhVjcUa9W7Wwhm6DBFu6ZZ+1/t/oYxqc2tp81Pi41YNuJinbFRx8B133qVOrAaBbF7D/m0Et6f9/pZt9Rc+tg=="
    },
    "@octokit/openapi-webhooks-types@8.5.1": {
      "integrity": "sha512-i3h1b5zpGSB39ffBbYdSGuAd0NhBAwPyA3QV3LYi/lx4lsbZiu7u2UHgXVUR6EpvOI8REOuVh1DZTRfHoJDvuQ=="
    },
    "@octokit/plugin-paginate-graphql@5.2.4_@octokit+core@6.1.2": {
      "integrity": "sha512-pLZES1jWaOynXKHOqdnwZ5ULeVR6tVVCMm+AUbp0htdcyXDU95WbkYdU4R2ej1wKj5Tu94Mee2Ne0PjPO9cCyA==",
      "dependencies": [
        "@octokit/core"
      ]
    },
    "@octokit/plugin-paginate-rest@11.3.6_@octokit+core@6.1.2": {
      "integrity": "sha512-zcvqqf/+TicbTCa/Z+3w4eBJcAxCFymtc0UAIsR3dEVoNilWld4oXdscQ3laXamTszUZdusw97K8+DrbFiOwjw==",
      "dependencies": [
        "@octokit/core",
        "@octokit/types"
      ]
    },
    "@octokit/plugin-rest-endpoint-methods@13.2.6_@octokit+core@6.1.2": {
      "integrity": "sha512-wMsdyHMjSfKjGINkdGKki06VEkgdEldIGstIEyGX0wbYHGByOwN/KiM+hAAlUwAtPkP3gvXtVQA9L3ITdV2tVw==",
      "dependencies": [
        "@octokit/core",
        "@octokit/types"
      ]
    },
    "@octokit/plugin-retry@7.1.2_@octokit+core@6.1.2": {
      "integrity": "sha512-XOWnPpH2kJ5VTwozsxGurw+svB2e61aWlmk5EVIYZPwFK5F9h4cyPyj9CIKRyMXMHSwpIsI3mPOdpMmrRhe7UQ==",
      "dependencies": [
        "@octokit/core",
        "@octokit/request-error",
        "@octokit/types",
        "bottleneck"
      ]
    },
    "@octokit/plugin-throttling@9.3.2_@octokit+core@6.1.2": {
      "integrity": "sha512-FqpvcTpIWFpMMwIeSoypoJXysSAQ3R+ALJhXXSG1HTP3YZOIeLmcNcimKaXxTcws+Sh6yoRl13SJ5r8sXc1Fhw==",
      "dependencies": [
        "@octokit/core",
        "@octokit/types",
        "bottleneck"
      ]
    },
    "@octokit/request-error@6.1.5": {
      "integrity": "sha512-IlBTfGX8Yn/oFPMwSfvugfncK2EwRLjzbrpifNaMY8o/HTEAFqCA1FZxjD9cWvSKBHgrIhc4CSBIzMxiLsbzFQ==",
      "dependencies": [
        "@octokit/types"
      ]
    },
    "@octokit/request@9.1.3": {
      "integrity": "sha512-V+TFhu5fdF3K58rs1pGUJIDH5RZLbZm5BI+MNF+6o/ssFNT4vWlCh/tVpF3NxGtP15HUxTTMUbsG5llAuU2CZA==",
      "dependencies": [
        "@octokit/endpoint",
        "@octokit/request-error",
        "@octokit/types",
        "universal-user-agent"
      ]
    },
    "@octokit/types@13.6.2": {
      "integrity": "sha512-WpbZfZUcZU77DrSW4wbsSgTPfKcp286q3ItaIgvSbBpZJlu6mnYXAkjZz6LVZPXkEvLIM8McanyZejKTYUHipA==",
      "dependencies": [
        "@octokit/openapi-types"
      ]
    },
    "@octokit/webhooks-methods@5.1.0": {
      "integrity": "sha512-yFZa3UH11VIxYnnoOYCVoJ3q4ChuSOk2IVBBQ0O3xtKX4x9bmKb/1t+Mxixv2iUhzMdOl1qeWJqEhouXXzB3rQ=="
    },
    "@octokit/webhooks@13.4.1": {
      "integrity": "sha512-I5YPUtfWidh+OzyrlDahJsUpkpGK0kCTmDRbuqGmlCUzOtxdEkX3R4d6Cd08ijQYwkVXQJanPdbKuZBeV2NMaA==",
      "dependencies": [
        "@octokit/openapi-webhooks-types",
        "@octokit/request-error",
        "@octokit/webhooks-methods"
      ]
    },
    "@remusao/guess-url-type@1.3.0": {
      "integrity": "sha512-SNSJGxH5ckvxb3EUHj4DqlAm/bxNxNv2kx/AESZva/9VfcBokwKNS+C4D1lQdWIDM1R3d3UG+xmVzlkNG8CPTQ=="
    },
    "@remusao/small@1.3.0": {
      "integrity": "sha512-bydAhJI+ywmg5xMUcbqoR8KahetcfkFywEZpsyFZ8EBofilvWxbXnMSe4vnjDI1Y+SWxnNhR4AL/2BAXkf4b8A=="
    },
    "@remusao/smaz-compress@1.10.0": {
      "integrity": "sha512-E/lC8OSU+3bQrUl64vlLyPzIxo7dxF2RvNBe9KzcM4ax43J/d+YMinmMztHyCIHqRbz7rBCtkp3c0KfeIbHmEg==",
      "dependencies": [
        "@remusao/trie"
      ]
    },
    "@remusao/smaz-decompress@1.10.0": {
      "integrity": "sha512-aA5ImUH480Pcs5/cOgToKmFnzi7osSNG6ft+7DdmQTaQEEst3nLq3JLlBEk+gwidURymjbx6DYs60LHaZ415VQ=="
    },
    "@remusao/smaz@1.10.0": {
      "integrity": "sha512-GQzCxmmMpLkyZwcwNgz8TpuBEWl0RUQa8IcvKiYlPxuyYKqyqPkCr0hlHI15ckn3kDUPS68VmTVgyPnLNrdVmg==",
      "dependencies": [
        "@remusao/smaz-compress",
        "@remusao/smaz-decompress"
      ]
    },
    "@remusao/trie@1.5.0": {
      "integrity": "sha512-UX+3utJKgwCsg6sUozjxd38gNMVRXrY4TNX9VvCdSrlZBS1nZjRPi98ON3QjRAdf6KCguJFyQARRsulTeqQiPg=="
    },
    "@types/aws-lambda@8.10.146": {
      "integrity": "sha512-3BaDXYTh0e6UCJYL/jwV/3+GRslSc08toAiZSmleYtkAUyV5rtvdPYxrG/88uqvTuT6sb27WE9OS90ZNTIuQ0g=="
    },
    "@types/node@22.5.4": {
      "integrity": "sha512-FDuKUJQm/ju9fT/SeX/6+gBzoPzlVCzfzmGkwKvRHQVxi4BntVbyIwf6a4Xn62mrvndLiml6z/UBXIdEVjQLXg==",
      "dependencies": [
        "undici-types"
      ]
    },
    "before-after-hook@3.0.2": {
      "integrity": "sha512-Nik3Sc0ncrMK4UUdXQmAnRtzmNQTAAXmXIopizwZ1W1t8QmfJj+zL4OA2I7XPTPW5z5TDqv4hRo/JzouDJnX3A=="
    },
    "bottleneck@2.19.5": {
      "integrity": "sha512-VHiNCbI1lKdl44tGrhNfU3lup0Tj/ZBMJB5/2ZbNXRCPuRCO7ed2mgcK4r17y+KB2EfuYuRaVlwNbAeaWGSpbw=="
    },
    "octokit@4.0.2_@octokit+core@6.1.2": {
      "integrity": "sha512-wbqF4uc1YbcldtiBFfkSnquHtECEIpYD78YUXI6ri1Im5OO2NLo6ZVpRdbJpdnpZ05zMrVPssNiEo6JQtea+Qg==",
      "dependencies": [
        "@octokit/app",
        "@octokit/core",
        "@octokit/oauth-app",
        "@octokit/plugin-paginate-graphql",
        "@octokit/plugin-paginate-rest",
        "@octokit/plugin-rest-endpoint-methods",
        "@octokit/plugin-retry",
        "@octokit/plugin-throttling",
        "@octokit/request-error",
        "@octokit/types"
      ]
    },
    "tldts-core@6.1.67": {
      "integrity": "sha512-12K5O4m3uUW6YM5v45Z7wc6NTSmAYj4Tq3de7eXghZkp879IlfPJrUWeWFwu1FS94U5t2vwETgJ1asu8UGNKVQ=="
    },
    "tldts-core@6.1.68": {
      "integrity": "sha512-85TdlS/DLW/gVdf2oyyzqp3ocS30WxjaL4la85EArl9cHUR/nizifKAJPziWewSZjDZS71U517/i6ciUeqtB5Q=="
    },
    "tldts-experimental@6.1.67": {
      "integrity": "sha512-M5HZFMmtfxXcTQSTHu4Pn51CJdOK4hFw+y9KCj6bRRNaJRffNJIpTqSLixol+P+0v3NkXYxb1Mm90goJksCSrw==",
      "dependencies": [
        "tldts-core@6.1.67"
      ]
    },
    "tldts@6.1.68": {
      "integrity": "sha512-JKF17jROiYkjJPT73hUTEiTp2OBCf+kAlB+1novk8i6Q6dWjHsgEjw9VLiipV4KTJavazXhY1QUXyQFSem2T7w==",
      "dependencies": [
        "tldts-core@6.1.68"
      ]
    },
    "toad-cache@3.7.0": {
      "integrity": "sha512-/m8M+2BJUpoJdgAHoG+baCwBT+tf2VraSfkBgl0Y00qIWt41DJ8R5B8nsEw0I58YwF5IZH6z24/2TobDKnqSWw=="
    },
    "undici-types@6.19.8": {
      "integrity": "sha512-ve2KP6f/JnbPBFyobGHuerC9g1FYGn/F8n1LWTwNxCEzd6IfqTwUQcNXgEtmmQ6DlRrC1hrSrBnCZPokRrDHjw=="
    },
    "universal-github-app-jwt@2.2.0": {
      "integrity": "sha512-G5o6f95b5BggDGuUfKDApKaCgNYy2x7OdHY0zSMF081O0EJobw+1130VONhrA7ezGSV2FNOGyM+KQpQZAr9bIQ=="
    },
    "universal-user-agent@7.0.2": {
      "integrity": "sha512-0JCqzSKnStlRRQfCdowvqy3cy0Dvtlb8xecj/H8JFZuCze4rwjPZQOgvFvn0Ws/usCHQFGpyr+pB9adaGwXn4Q=="
    }
  },
  "workspace": {
    "dependencies": [
      "jsr:@std/path@^1.0.8",
      "npm:octokit@^4.0.2",
      "npm:tldts@^6.1.68"
    ]
  }
}
